Microsoft Visual Studio Solution File, Format Version 12.00
# Visual Studio Version 17
VisualStudioVersion = 17.5.2.0
MinimumVisualStudioVersion = 10.0.40219.1
Project("{FAE04EC0-301F-11D3-BF4B-00C04F79EFBC}") = "ConfigurableDoorIcons", "ConfigurableDoorIcons\ConfigurableDoorIcons.csproj", "{0C0D33DD-6256-24B7-ED08-E53BD34C7043}"
EndProject
Project("{FAE04EC0-301F-11D3-BF4B-00C04F79EFBC}") = "ZoomSpeed", "ZoomSpeed\ZoomSpeed.csproj", "{641D3707-8F27-0D3F-C669-892782149068}"
EndProject
Project("{FAE04EC0-301F-11D3-BF4B-00C04F79EFBC}") = "ContainerTooltips", "ContainerTooltips\ContainerTooltips.csproj", "{3899B4E0-8BCD-57A9-002B-3321B998C002}"
EndProject
Global
	GlobalSection(SolutionConfigurationPlatforms) = preSolution
		Debug|Any CPU = Debug|Any CPU
		Release|Any CPU = Release|Any CPU
	EndGlobalSection
	GlobalSection(ProjectConfigurationPlatforms) = postSolution
		{0C0D33DD-6256-24B7-ED08-E53BD34C7043}.Debug|Any CPU.ActiveCfg = Debug|Any CPU
		{0C0D33DD-6256-24B7-ED08-E53BD34C7043}.Debug|Any CPU.Build.0 = Debug|Any CPU
		{0C0D33DD-6256-24B7-ED08-E53BD34C7043}.Release|Any CPU.ActiveCfg = Release|Any CPU
		{0C0D33DD-6256-24B7-ED08-E53BD34C7043}.Release|Any CPU.Build.0 = Release|Any CPU
		{641D3707-8F27-0D3F-C669-892782149068}.Debug|Any CPU.ActiveCfg = Debug|Any CPU
		{641D3707-8F27-0D3F-C669-892782149068}.Debug|Any CPU.Build.0 = Debug|Any CPU
		{641D3707-8F27-0D3F-C669-892782149068}.Release|Any CPU.ActiveCfg = Release|Any CPU
		{641D3707-8F27-0D3F-C669-892782149068}.Release|Any CPU.Build.0 = Release|Any CPU
		{3899B4E0-8BCD-57A9-002B-3321B998C002}.Debug|Any CPU.ActiveCfg = Debug|Any CPU
		{3899B4E0-8BCD-57A9-002B-3321B998C002}.Debug|Any CPU.Build.0 = Debug|Any CPU
		{3899B4E0-8BCD-57A9-002B-3321B998C002}.Release|Any CPU.ActiveCfg = Release|Any CPU
		{3899B4E0-8BCD-57A9-002B-3321B998C002}.Release|Any CPU.Build.0 = Release|Any CPU
	EndGlobalSection
	GlobalSection(SolutionProperties) = preSolution
		HideSolutionNode = FALSE
	EndGlobalSection
	GlobalSection(ExtensibilityGlobals) = postSolution
		SolutionGuid = {3E5798FB-9A8F-4F32-8619-5CF48A93DCB8}
	EndGlobalSection
EndGlobal
